// !$*UTF8*$!
{
	archiveVersion = 1;
	classes = {
	};
	objectVersion = 46;
	objects = {

/* Begin PBXBuildFile section */
		FD5DF9161A97130700D18F9A /* AppDelegate.swift in Sources */ = {isa = PBXBuildFile; fileRef = FD5DF9151A97130700D18F9A /* AppDelegate.swift */; };
		FD5DF9181A97130700D18F9A /* ViewController.swift in Sources */ = {isa = PBXBuildFile; fileRef = FD5DF9171A97130700D18F9A /* ViewController.swift */; };
		FD5DF91B1A97130700D18F9A /* Main.storyboard in Resources */ = {isa = PBXBuildFile; fileRef = FD5DF9191A97130700D18F9A /* Main.storyboard */; };
		FD5DF91D1A97130700D18F9A /* Images.xcassets in Resources */ = {isa = PBXBuildFile; fileRef = FD5DF91C1A97130700D18F9A /* Images.xcassets */; };
		FD5DF9201A97130700D18F9A /* LaunchScreen.xib in Resources */ = {isa = PBXBuildFile; fileRef = FD5DF91E1A97130700D18F9A /* LaunchScreen.xib */; };
		FD5DF92C1A97130700D18F9A /* LAB1Week6Tests.swift in Sources */ = {isa = PBXBuildFile; fileRef = FD5DF92B1A97130700D18F9A /* LAB1Week6Tests.swift */; };
		FDC7AD991AA0516F002F7F20 /* e-comerce.png in Resources */ = {isa = PBXBuildFile; fileRef = FDC7AD971AA0516F002F7F20 /* e-comerce.png */; };
		FDC7AD9A1AA0516F002F7F20 /* imac.png in Resources */ = {isa = PBXBuildFile; fileRef = FDC7AD981AA0516F002F7F20 /* imac.png */; };
		FDC7AD9C1AA053B0002F7F20 /* purple-galaxy-space-hd-wallpaper-1920x1200-4605.jpg in Resources */ = {isa = PBXBuildFile; fileRef = FDC7AD9B1AA053B0002F7F20 /* purple-galaxy-space-hd-wallpaper-1920x1200-4605.jpg */; };
/* End PBXBuildFile section */

/* Begin PBXContainerItemProxy section */
		FD5DF9261A97130700D18F9A /* PBXContainerItemProxy */ = {
			isa = PBXContainerItemProxy;
			containerPortal = FD5DF9081A97130700D18F9A /* Project object */;
			proxyType = 1;
			remoteGlobalIDString = FD5DF90F1A97130700D18F9A;
			remoteInfo = LAB1Week6;
		};
/* End PBXContainerItemProxy section */

/* Begin PBXFileReference section */
		FD5DF9101A97130700D18F9A /* LAB1Week6.app */ = {isa = PBXFileReference; explicitFileType = wrapper.application; includeInIndex = 0; path = LAB1Week6.app; sourceTree = BUILT_PRODUCTS_DIR; };
		FD5DF9141A97130700D18F9A /* Info.plist */ = {isa = PBXFileReference; lastKnownFileType = text.plist.xml; path = Info.plist; sourceTree = "<group>"; };
		FD5DF9151A97130700D18F9A /* AppDelegate.swift */ = {isa = PBXFileReference; lastKnownFileType = sourcecode.swift; path = AppDelegate.swift; sourceTree = "<group>"; };
		FD5DF9171A97130700D18F9A /* ViewController.swift */ = {isa = PBXFileReference; lastKnownFileType = sourcecode.swift; path = ViewController.swift; sourceTree = "<group>"; };
		FD5DF91A1A97130700D18F9A /* Base */ = {isa = PBXFileReference; lastKnownFileType = file.storyboard; name = Base; path = Base.lproj/Main.storyboard; sourceTree = "<group>"; };
		FD5DF91C1A97130700D18F9A /* Images.xcassets */ = {isa = PBXFileReference; lastKnownFileType = folder.assetcatalog; path = Images.xcassets; sourceTree = "<group>"; };
		FD5DF91F1A97130700D18F9A /* Base */ = {isa = PBXFileReference; lastKnownFileType = file.xib; name = Base; path = Base.lproj/LaunchScreen.xib; sourceTree = "<group>"; };
		FD5DF9251A97130700D18F9A /* LAB1Week6Tests.xctest */ = {isa = PBXFileReference; explicitFileType = wrapper.cfbundle; includeInIndex = 0; path = LAB1Week6Tests.xctest; sourceTree = BUILT_PRODUCTS_DIR; };
		FD5DF92A1A97130700D18F9A /* Info.plist */ = {isa = PBXFileReference; lastKnownFileType = text.plist.xml; path = Info.plist; sourceTree = "<group>"; };
		FD5DF92B1A97130700D18F9A /* LAB1Week6Tests.swift */ = {isa = PBXFileReference; lastKnownFileType = sourcecode.swift; path = LAB1Week6Tests.swift; sourceTree = "<group>"; };
		FDC7AD971AA0516F002F7F20 /* e-comerce.png */ = {isa = PBXFileReference; lastKnownFileType = image.png; path = "e-comerce.png"; sourceTree = "<group>"; };
		FDC7AD981AA0516F002F7F20 /* imac.png */ = {isa = PBXFileReference; lastKnownFileType = image.png; path = imac.png; sourceTree = "<group>"; };
		FDC7AD9B1AA053B0002F7F20 /* purple-galaxy-space-hd-wallpaper-1920x1200-4605.jpg */ = {isa = PBXFileReference; lastKnownFileType = image.jpeg; path = "purple-galaxy-space-hd-wallpaper-1920x1200-4605.jpg"; sourceTree = "<group>"; };
/* End PBXFileReference section */

/* Begin PBXFrameworksBuildPhase section */
		FD5DF90D1A97130700D18F9A /* Frameworks */ = {
			isa = PBXFrameworksBuildPhase;
			buildActionMask = 2147483647;
			files = (
			);
			runOnlyForDeploymentPostprocessing = 0;
		};
		FD5DF9221A97130700D18F9A /* Frameworks */ = {
			isa = PBXFrameworksBuildPhase;
			buildActionMask = 2147483647;
			files = (
			);
			runOnlyForDeploymentPostprocessing = 0;
		};
/* End PBXFrameworksBuildPhase section */

/* Begin PBXGroup section */
		FD5DF9071A97130700D18F9A = {
			isa = PBXGroup;
			children = (
				FD5DF9121A97130700D18F9A /* LAB1Week6 */,
				FD5DF9281A97130700D18F9A /* LAB1Week6Tests */,
				FD5DF9111A97130700D18F9A /* Products */,
			);
			sourceTree = "<group>";
		};
		FD5DF9111A97130700D18F9A /* Products */ = {
			isa = PBXGroup;
			children = (
				FD5DF9101A97130700D18F9A /* LAB1Week6.app */,
				FD5DF9251A97130700D18F9A /* LAB1Week6Tests.xctest */,
			);
			name = Products;
			sourceTree = "<group>";
		};
		FD5DF9121A97130700D18F9A /* LAB1Week6 */ = {
			isa = PBXGroup;
			children = (
				FD5DF9151A97130700D18F9A /* AppDelegate.swift */,
				FD5DF9171A97130700D18F9A /* ViewController.swift */,
				FD5DF9191A97130700D18F9A /* Main.storyboard */,
				FD5DF91C1A97130700D18F9A /* Images.xcassets */,
				FD5DF91E1A97130700D18F9A /* LaunchScreen.xib */,
				FD5DF9131A97130700D18F9A /* Supporting Files */,
			);
			path = LAB1Week6;
			sourceTree = "<group>";
		};
		FD5DF9131A97130700D18F9A /* Supporting Files */ = {
			isa = PBXGroup;
			children = (
				FDC7AD9B1AA053B0002F7F20 /* purple-galaxy-space-hd-wallpaper-1920x1200-4605.jpg */,
				FDC7AD971AA0516F002F7F20 /* e-comerce.png */,
				FDC7AD981AA0516F002F7F20 /* imac.png */,
				FD5DF9141A97130700D18F9A /* Info.plist */,
			);
			name = "Supporting Files";
			sourceTree = "<group>";
		};
		FD5DF9281A97130700D18F9A /* LAB1Week6Tests */ = {
			isa = PBXGroup;
			children = (
				FD5DF92B1A97130700D18F9A /* LAB1Week6Tests.swift */,
				FD5DF9291A97130700D18F9A /* Supporting Files */,
			);
			path = LAB1Week6Tests;
			sourceTree = "<group>";
		};
		FD5DF9291A97130700D18F9A /* Supporting Files */ = {
			isa = PBXGroup;
			children = (
				FD5DF92A1A97130700D18F9A /* Info.plist */,
			);
			name = "Supporting Files";
			sourceTree = "<group>";
		};
/* End PBXGroup section */

/* Begin PBXNativeTarget section */
		FD5DF90F1A97130700D18F9A /* LAB1Week6 */ = {
			isa = PBXNativeTarget;
			buildConfigurationList = FD5DF92F1A97130700D18F9A /* Build configuration list for PBXNativeTarget "LAB1Week6" */;
			buildPhases = (
				FD5DF90C1A97130700D18F9A /* Sources */,
				FD5DF90D1A97130700D18F9A /* Frameworks */,
				FD5DF90E1A97130700D18F9A /* Resources */,
			);
			buildRules = (
			);
			dependencies = (
			);
			name = LAB1Week6;
			productName = LAB1Week6;
			productReference = FD5DF9101A97130700D18F9A /* LAB1Week6.app */;
			productType = "com.apple.product-type.application";
		};
		FD5DF9241A97130700D18F9A /* LAB1Week6Tests */ = {
			isa = PBXNativeTarget;
			buildConfigurationList = FD5DF9321A97130700D18F9A /* Build configuration list for PBXNativeTarget "LAB1Week6Tests" */;
			buildPhases = (
				FD5DF9211A97130700D18F9A /* Sources */,
				FD5DF9221A97130700D18F9A /* Frameworks */,
				FD5DF9231A97130700D18F9A /* Resources */,
			);
			buildRules = (
			);
			dependencies = (
				FD5DF9271A97130700D18F9A /* PBXTargetDependency */,
			);
			name = LAB1Week6Tests;
			productName = LAB1Week6Tests;
			productReference = FD5DF9251A97130700D18F9A /* LAB1Week6Tests.xctest */;
			productType = "com.apple.product-type.bundle.unit-test";
		};
/* End PBXNativeTarget section */

/* Begin PBXProject section */
		FD5DF9081A97130700D18F9A /* Project object */ = {
			isa = PBXProject;
			attributes = {
				LastUpgradeCheck = 0600;
				ORGANIZATIONNAME = iStudents;
				TargetAttributes = {
					FD5DF90F1A97130700D18F9A = {
						CreatedOnToolsVersion = 6.0;
					};
					FD5DF9241A97130700D18F9A = {
						CreatedOnToolsVersion = 6.0;
						TestTargetID = FD5DF90F1A97130700D18F9A;
					};
				};
			};
			buildConfigurationList = FD5DF90B1A97130700D18F9A /* Build configuration list for PBXProject "LAB1Week6" */;
			compatibilityVersion = "Xcode 3.2";
			developmentRegion = English;
			hasScannedForEncodings = 0;
			knownRegions = (
				en,
				Base,
			);
			mainGroup = FD5DF9071A97130700D18F9A;
			productRefGroup = FD5DF9111A97130700D18F9A /* Products */;
			projectDirPath = "";
			projectRoot = "";
			targets = (
				FD5DF90F1A97130700D18F9A /* LAB1Week6 */,
				FD5DF9241A97130700D18F9A /* LAB1Week6Tests */,
			);
		};
/* End PBXProject section */

/* Begin PBXResourcesBuildPhase section */
		FD5DF90E1A97130700D18F9A /* Resources */ = {
			isa = PBXResourcesBuildPhase;
			buildActionMask = 2147483647;
			files = (
				FDC7AD991AA0516F002F7F20 /* e-comerce.png in Resources */,
				FDC7AD9A1AA0516F002F7F20 /* imac.png in Resources */,
				FD5DF91B1A97130700D18F9A /* Main.storyboard in Resources */,
				FD5DF9201A97130700D18F9A /* LaunchScreen.xib in Resources */,
				FDC7AD9C1AA053B0002F7F20 /* purple-galaxy-space-hd-wallpaper-1920x1200-4605.jpg in Resources */,
				FD5DF91D1A97130700D18F9A /* Images.xcassets in Resources */,
			);
			runOnlyForDeploymentPostprocessing = 0;
		};
		FD5DF9231A97130700D18F9A /* Resources */ = {
			isa = PBXResourcesBuildPhase;
			buildActionMask = 2147483647;
			files = (
			);
			runOnlyForDeploymentPostprocessing = 0;
		};
/* End PBXResourcesBuildPhase section */

/* Begin PBXSourcesBuildPhase section */
		FD5DF90C1A97130700D18F9A /* Sources */ = {
			isa = PBXSourcesBuildPhase;
			buildActionMask = 2147483647;
			files = (
				FD5DF9181A97130700D18F9A /* ViewController.swift in Sources */,
				FD5DF9161A97130700D18F9A /* AppDelegate.swift in Sources */,
			);
			runOnlyForDeploymentPostprocessing = 0;
		};
		FD5DF9211A97130700D18F9A /* Sources */ = {
			isa = PBXSourcesBuildPhase;
			buildActionMask = 2147483647;
			files = (
				FD5DF92C1A97130700D18F9A /* LAB1Week6Tests.swift in Sources */,
			);
			runOnlyForDeploymentPostprocessing = 0;
		};
/* End PBXSourcesBuildPhase section */

/* Begin PBXTargetDependency section */
		FD5DF9271A97130700D18F9A /* PBXTargetDependency */ = {
			isa = PBXTargetDependency;
			target = FD5DF90F1A97130700D18F9A /* LAB1Week6 */;
			targetProxy = FD5DF9261A97130700D18F9A /* PBXContainerItemProxy */;
		};
/* End PBXTargetDependency section */

/* Begin PBXVariantGroup section */
		FD5DF9191A97130700D18F9A /* Main.storyboard */ = {
			isa = PBXVariantGroup;
			children = (
				FD5DF91A1A97130700D18F9A /* Base */,
			);
			name = Main.storyboard;
			sourceTree = "<group>";
		};
		FD5DF91E1A97130700D18F9A /* LaunchScreen.xib */ = {
			isa = PBXVariantGroup;
			children = (
				FD5DF91F1A97130700D18F9A /* Base */,
			);
			name = LaunchScreen.xib;
			sourceTree = "<group>";
		};
/* End PBXVariantGroup section */

/* Begin XCBuildConfiguration section */
		FD5DF92D1A97130700D18F9A /* Debug */ = {
			isa = XCBuildConfiguration;
			buildSettings = {
				ALWAYS_SEARCH_USER_PATHS = NO;
				CLANG_CXX_LANGUAGE_STANDARD = "gnu++0x";
				CLANG_CXX_LIBRARY = "libc++";
				CLANG_ENABLE_MODULES = YES;
				CLANG_ENABLE_OBJC_ARC = YES;
				CLANG_WARN_BOOL_CONVERSION = YES;
				CLANG_WARN_CONSTANT_CONVERSION = YES;
				CLANG_WARN_DIRECT_OBJC_ISA_USAGE = YES_ERROR;
				CLANG_WARN_EMPTY_BODY = YES;
				CLANG_WARN_ENUM_CONVERSION = YES;
				CLANG_WARN_INT_CONVERSION = YES;
				CLANG_WARN_OBJC_ROOT_CLASS = YES_ERROR;
				CLANG_WARN_UNREACHABLE_CODE = YES;
				CLANG_WARN__DUPLICATE_METHOD_MATCH = YES;
				"CODE_SIGN_IDENTITY[sdk=iphoneos*]" = "iPhone Developer";
				COPY_PHASE_STRIP = NO;
				ENABLE_STRICT_OBJC_MSGSEND = YES;
				GCC_C_LANGUAGE_STANDARD = gnu99;
				GCC_DYNAMIC_NO_PIC = NO;
				GCC_OPTIMIZATION_LEVEL = 0;
				GCC_PREPROCESSOR_DEFINITIONS = (
					"DEBUG=1",
					"$(inherited)",
				);
				GCC_SYMBOLS_PRIVATE_EXTERN = NO;
				GCC_WARN_64_TO_32_BIT_CONVERSION = YES;
				GCC_WARN_ABOUT_RETURN_TYPE = YES_ERROR;
				GCC_WARN_UNDECLARED_SELECTOR = YES;
				GCC_WARN_UNINITIALIZED_AUTOS = YES_AGGRESSIVE;
				GCC_WARN_UNUSED_FUNCTION = YES;
				GCC_WARN_UNUSED_VARIABLE = YES;
				IPHONEOS_DEPLOYMENT_TARGET = 8.0;
				MTL_ENABLE_DEBUG_INFO = YES;
				ONLY_ACTIVE_ARCH = YES;
				SDKROOT = iphoneos;
				SWIFT_OPTIMIZATION_LEVEL = "-Onone";
			};
			name = Debug;
		};
		FD5DF92E1A97130700D18F9A /* Release */ = {
			isa = XCBuildConfiguration;
			buildSettings = {
				ALWAYS_SEARCH_USER_PATHS = NO;
				CLANG_CXX_LANGUAGE_STANDARD = "gnu++0x";
				CLANG_CXX_LIBRARY = "libc++";
				CLANG_ENABLE_MODULES = YES;
				CLANG_ENABLE_OBJC_ARC = YES;
				CLANG_WARN_BOOL_CONVERSION = YES;
				CLANG_WARN_CONSTANT_CONVERSION = YES;
				CLANG_WARN_DIRECT_OBJC_ISA_USAGE = YES_ERROR;
				CLANG_WARN_EMPTY_BODY = YES;
				CLANG_WARN_ENUM_CONVERSION = YES;
				CLANG_WARN_INT_CONVERSION = YES;
				CLANG_WARN_OBJC_ROOT_CLASS = YES_ERROR;
				CLANG_WARN_UNREACHABLE_CODE = YES;
				CLANG_WARN__DUPLICATE_METHOD_MATCH = YES;
				"CODE_SIGN_IDENTITY[sdk=iphoneos*]" = "iPhone Developer";
				COPY_PHASE_STRIP = YES;
				ENABLE_NS_ASSERTIONS = NO;
				ENABLE_STRICT_OBJC_MSGSEND = YES;
				GCC_C_LANGUAGE_STANDARD = gnu99;
				GCC_WARN_64_TO_32_BIT_CONVERSION = YES;
				GCC_WARN_ABOUT_RETURN_TYPE = YES_ERROR;
				GCC_WARN_UNDECLARED_SELECTOR = YES;
				GCC_WARN_UNINITIALIZED_AUTOS = YES_AGGRESSIVE;
				GCC_WARN_UNUSED_FUNCTION = YES;
				GCC_WARN_UNUSED_VARIABLE = YES;
				IPHONEOS_DEPLOYMENT_TARGET = 8.0;
				MTL_ENABLE_DEBUG_INFO = NO;
				SDKROOT = iphoneos;
				VALIDATE_PRODUCT = YES;
			};
			name = Release;
		};
		FD5DF9301A97130700D18F9A /* Debug */ = {
			isa = XCBuildConfiguration;
			buildSettings = {
				ASSETCATALOG_COMPILER_APPICON_NAME = AppIcon;
				INFOPLIST_FILE = LAB1Week6/Info.plist;
				LD_RUNPATH_SEARCH_PATHS = "$(inherited) @executable_path/Frameworks";
				PRODUCT_NAME = "$(TARGET_NAME)";
			};
			name = Debug;
		};
		FD5DF9311A97130700D18F9A /* Release */ = {
			isa = XCBuildConfiguration;
			buildSettings = {
				ASSETCATALOG_COMPILER_APPICON_NAME = AppIcon;
				INFOPLIST_FILE = LAB1Week6/Info.plist;
				LD_RUNPATH_SEARCH_PATHS = "$(inherited) @executable_path/Frameworks";
				PRODUCT_NAME = "$(TARGET_NAME)";
			};
			name = Release;
		};
		FD5DF9331A97130700D18F9A /* Debug */ = {
			isa = XCBuildConfiguration;
			buildSettings = {
				BUNDLE_LOADER = "$(TEST_HOST)";
				FRAMEWORK_SEARCH_PATHS = (
					"$(SDKROOT)/Developer/Library/Frameworks",
					"$(inherited)",
				);
				GCC_PREPROCESSOR_DEFINITIONS = (
					"DEBUG=1",
					"$(inherited)",
				);
				INFOPLIST_FILE = LAB1Week6Tests/Info.plist;
				LD_RUNPATH_SEARCH_PATHS = "$(inherited) @executable_path/Frameworks @loader_path/Frameworks";
				PRODUCT_NAME = "$(TARGET_NAME)";
				TEST_HOST = "$(BUILT_PRODUCTS_DIR)/LAB1Week6.app/LAB1Week6";
			};
			name = Debug;
		};
		FD5DF9341A97130700D18F9A /* Release */ = {
			isa = XCBuildConfiguration;
			buildSettings = {
				BUNDLE_LOADER = "$(TEST_HOST)";
				FRAMEWORK_SEARCH_PATHS = (
					"$(SDKROOT)/Developer/Library/Frameworks",
					"$(inherited)",
				);
				INFOPLIST_FILE = LAB1Week6Tests/Info.plist;
				LD_RUNPATH_SEARCH_PATHS = "$(inherited) @executable_path/Frameworks @loader_path/Frameworks";
				PRODUCT_NAME = "$(TARGET_NAME)";
				TEST_HOST = "$(BUILT_PRODUCTS_DIR)/LAB1Week6.app/LAB1Week6";
			};
			name = Release;
		};
/* End XCBuildConfiguration section */

/* Begin XCConfigurationList section */
		FD5DF90B1A97130700D18F9A /* Build configuration list for PBXProject "LAB1Week6" */ = {
			isa = XCConfigurationList;
			buildConfigurations = (
				FD5DF92D1A97130700D18F9A /* Debug */,
				FD5DF92E1A97130700D18F9A /* Release */,
			);
			defaultConfigurationIsVisible = 0;
			defaultConfigurationName = Release;
		};
		FD5DF92F1A97130700D18F9A /* Build configuration list for PBXNativeTarget "LAB1Week6" */ = {
			isa = XCConfigurationList;
			buildConfigurations = (
				FD5DF9301A97130700D18F9A /* Debug */,
				FD5DF9311A97130700D18F9A /* Release */,
			);
			defaultConfigurationIsVisible = 0;
			defaultConfigurationName = Release;
		};
		FD5DF9321A97130700D18F9A /* Build configuration list for PBXNativeTarget "LAB1Week6Tests" */ = {
			isa = XCConfigurationList;
			buildConfigurations = (
				FD5DF9331A97130700D18F9A /* Debug */,
				FD5DF9341A97130700D18F9A /* Release */,
			);
			defaultConfigurationIsVisible = 0;
			defaultConfigurationName = Release;
		};
/* End XCConfigurationList section */
	};
	rootObject = FD5DF9081A97130700D18F9A /* Project object */;
}
